// !$*UTF8*$!
{
	archiveVersion = 1;
	classes = {
	};
	objectVersion = 50;
	objects = {

/* Begin PBXBuildFile section */
		A517B54522422DE90026335B /* ZYPageBroadcastCell.m in Sources */ = {isa = PBXBuildFile; fileRef = A517B53E22422DE80026335B /* ZYPageBroadcastCell.m */; };
		A517B54622422DE90026335B /* ZYPageBroadcastView.m in Sources */ = {isa = PBXBuildFile; fileRef = A517B53F22422DE80026335B /* ZYPageBroadcastView.m */; };
		A517B54722422DE90026335B /* ZYPageBrocastCollectionView.m in Sources */ = {isa = PBXBuildFile; fileRef = A517B54322422DE90026335B /* ZYPageBrocastCollectionView.m */; };
		A55ECE3922412F7000451513 /* AppDelegate.m in Sources */ = {isa = PBXBuildFile; fileRef = A55ECE3822412F7000451513 /* AppDelegate.m */; };
		A55ECE3C22412F7000451513 /* ViewController.m in Sources */ = {isa = PBXBuildFile; fileRef = A55ECE3B22412F7000451513 /* ViewController.m */; };
		A55ECE3F22412F7100451513 /* Main.storyboard in Resources */ = {isa = PBXBuildFile; fileRef = A55ECE3D22412F7100451513 /* Main.storyboard */; };
		A55ECE4122412F7200451513 /* Assets.xcassets in Resources */ = {isa = PBXBuildFile; fileRef = A55ECE4022412F7200451513 /* Assets.xcassets */; };
		A55ECE4422412F7200451513 /* LaunchScreen.storyboard in Resources */ = {isa = PBXBuildFile; fileRef = A55ECE4222412F7200451513 /* LaunchScreen.storyboard */; };
		A55ECE4722412F7200451513 /* main.m in Sources */ = {isa = PBXBuildFile; fileRef = A55ECE4622412F7200451513 /* main.m */; };
/* End PBXBuildFile section */

/* Begin PBXFileReference section */
		A517B53E22422DE80026335B /* ZYPageBroadcastCell.m */ = {isa = PBXFileReference; fileEncoding = 4; lastKnownFileType = sourcecode.c.objc; path = ZYPageBroadcastCell.m; sourceTree = "<group>"; };
		A517B53F22422DE80026335B /* ZYPageBroadcastView.m */ = {isa = PBXFileReference; fileEncoding = 4; lastKnownFileType = sourcecode.c.objc; path = ZYPageBroadcastView.m; sourceTree = "<group>"; };
		A517B54022422DE80026335B /* ZYPageBrocastCollectionView.h */ = {isa = PBXFileReference; fileEncoding = 4; lastKnownFileType = sourcecode.c.h; path = ZYPageBrocastCollectionView.h; sourceTree = "<group>"; };
		A517B54122422DE80026335B /* ZYPageBroadcastView.h */ = {isa = PBXFileReference; fileEncoding = 4; lastKnownFileType = sourcecode.c.h; path = ZYPageBroadcastView.h; sourceTree = "<group>"; };
		A517B54222422DE90026335B /* ZYPageBroadcastCell.h */ = {isa = PBXFileReference; fileEncoding = 4; lastKnownFileType = sourcecode.c.h; path = ZYPageBroadcastCell.h; sourceTree = "<group>"; };
		A517B54322422DE90026335B /* ZYPageBrocastCollectionView.m */ = {isa = PBXFileReference; fileEncoding = 4; lastKnownFileType = sourcecode.c.objc; path = ZYPageBrocastCollectionView.m; sourceTree = "<group>"; };
		A517B54422422DE90026335B /* pageBroadcast.h */ = {isa = PBXFileReference; fileEncoding = 4; lastKnownFileType = sourcecode.c.h; path = pageBroadcast.h; sourceTree = "<group>"; };
		A55ECE3422412F7000451513 /* PageBroadcast.app */ = {isa = PBXFileReference; explicitFileType = wrapper.application; includeInIndex = 0; path = PageBroadcast.app; sourceTree = BUILT_PRODUCTS_DIR; };
		A55ECE3722412F7000451513 /* AppDelegate.h */ = {isa = PBXFileReference; lastKnownFileType = sourcecode.c.h; path = AppDelegate.h; sourceTree = "<group>"; };
		A55ECE3822412F7000451513 /* AppDelegate.m */ = {isa = PBXFileReference; lastKnownFileType = sourcecode.c.objc; path = AppDelegate.m; sourceTree = "<group>"; };
		A55ECE3A22412F7000451513 /* ViewController.h */ = {isa = PBXFileReference; lastKnownFileType = sourcecode.c.h; path = ViewController.h; sourceTree = "<group>"; };
		A55ECE3B22412F7000451513 /* ViewController.m */ = {isa = PBXFileReference; lastKnownFileType = sourcecode.c.objc; path = ViewController.m; sourceTree = "<group>"; };
		A55ECE3E22412F7100451513 /* Base */ = {isa = PBXFileReference; lastKnownFileType = file.storyboard; name = Base; path = Base.lproj/Main.storyboard; sourceTree = "<group>"; };
		A55ECE4022412F7200451513 /* Assets.xcassets */ = {isa = PBXFileReference; lastKnownFileType = folder.assetcatalog; path = Assets.xcassets; sourceTree = "<group>"; };
		A55ECE4322412F7200451513 /* Base */ = {isa = PBXFileReference; lastKnownFileType = file.storyboard; name = Base; path = Base.lproj/LaunchScreen.storyboard; sourceTree = "<group>"; };
		A55ECE4522412F7200451513 /* Info.plist */ = {isa = PBXFileReference; lastKnownFileType = text.plist.xml; path = Info.plist; sourceTree = "<group>"; };
		A55ECE4622412F7200451513 /* main.m */ = {isa = PBXFileReference; lastKnownFileType = sourcecode.c.objc; path = main.m; sourceTree = "<group>"; };
/* End PBXFileReference section */

/* Begin PBXFrameworksBuildPhase section */
		A55ECE3122412F7000451513 /* Frameworks */ = {
			isa = PBXFrameworksBuildPhase;
			buildActionMask = 2147483647;
			files = (
			);
			runOnlyForDeploymentPostprocessing = 0;
		};
/* End PBXFrameworksBuildPhase section */

/* Begin PBXGroup section */
		A55ECE2B22412F7000451513 = {
			isa = PBXGroup;
			children = (
				A55ECE3622412F7000451513 /* PageBroadcast */,
				A55ECE3522412F7000451513 /* Products */,
			);
			sourceTree = "<group>";
		};
		A55ECE3522412F7000451513 /* Products */ = {
			isa = PBXGroup;
			children = (
				A55ECE3422412F7000451513 /* PageBroadcast.app */,
			);
			name = Products;
			sourceTree = "<group>";
		};
		A55ECE3622412F7000451513 /* PageBroadcast */ = {
			isa = PBXGroup;
			children = (
				A55ECE4D22412FC600451513 /* ZYPageBroadcast */,
				A55ECE3722412F7000451513 /* AppDelegate.h */,
				A55ECE3822412F7000451513 /* AppDelegate.m */,
				A55ECE3A22412F7000451513 /* ViewController.h */,
				A55ECE3B22412F7000451513 /* ViewController.m */,
				A55ECE3D22412F7100451513 /* Main.storyboard */,
				A55ECE4022412F7200451513 /* Assets.xcassets */,
				A55ECE4222412F7200451513 /* LaunchScreen.storyboard */,
				A55ECE4522412F7200451513 /* Info.plist */,
				A55ECE4622412F7200451513 /* main.m */,
			);
			path = PageBroadcast;
			sourceTree = "<group>";
		};
		A55ECE4D22412FC600451513 /* ZYPageBroadcast */ = {
			isa = PBXGroup;
			children = (
				A517B54422422DE90026335B /* pageBroadcast.h */,
				A517B54222422DE90026335B /* ZYPageBroadcastCell.h */,
				A517B53E22422DE80026335B /* ZYPageBroadcastCell.m */,
				A517B54122422DE80026335B /* ZYPageBroadcastView.h */,
				A517B53F22422DE80026335B /* ZYPageBroadcastView.m */,
				A517B54022422DE80026335B /* ZYPageBrocastCollectionView.h */,
				A517B54322422DE90026335B /* ZYPageBrocastCollectionView.m */,
			);
			path = ZYPageBroadcast;
			sourceTree = "<group>";
		};
/* End PBXGroup section */

/* Begin PBXNativeTarget section */
		A55ECE3322412F7000451513 /* PageBroadcast */ = {
			isa = PBXNativeTarget;
			buildConfigurationList = A55ECE4A22412F7200451513 /* Build configuration list for PBXNativeTarget "PageBroadcast" */;
			buildPhases = (
				A55ECE3022412F7000451513 /* Sources */,
				A55ECE3122412F7000451513 /* Frameworks */,
				A55ECE3222412F7000451513 /* Resources */,
			);
			buildRules = (
			);
			dependencies = (
			);
			name = PageBroadcast;
			productName = PageBroadcast;
			productReference = A55ECE3422412F7000451513 /* PageBroadcast.app */;
			productType = "com.apple.product-type.application";
		};
/* End PBXNativeTarget section */

/* Begin PBXProject section */
		A55ECE2C22412F7000451513 /* Project object */ = {
			isa = PBXProject;
			attributes = {
				LastUpgradeCheck = 1010;
				ORGANIZATIONNAME = ren;
				TargetAttributes = {
					A55ECE3322412F7000451513 = {
						CreatedOnToolsVersion = 10.1;
					};
				};
			};
			buildConfigurationList = A55ECE2F22412F7000451513 /* Build configuration list for PBXProject "PageBroadcast" */;
			compatibilityVersion = "Xcode 9.3";
			developmentRegion = en;
			hasScannedForEncodings = 0;
			knownRegions = (
				en,
				Base,
			);
			mainGroup = A55ECE2B22412F7000451513;
			productRefGroup = A55ECE3522412F7000451513 /* Products */;
			projectDirPath = "";
			projectRoot = "";
			targets = (
				A55ECE3322412F7000451513 /* PageBroadcast */,
			);
		};
/* End PBXProject section */

/* Begin PBXResourcesBuildPhase section */
		A55ECE3222412F7000451513 /* Resources */ = {
			isa = PBXResourcesBuildPhase;
			buildActionMask = 2147483647;
			files = (
				A55ECE4422412F7200451513 /* LaunchScreen.storyboard in Resources */,
				A55ECE4122412F7200451513 /* Assets.xcassets in Resources */,
				A55ECE3F22412F7100451513 /* Main.storyboard in Resources */,
			);
			runOnlyForDeploymentPostprocessing = 0;
		};
/* End PBXResourcesBuildPhase section */

/* Begin PBXSourcesBuildPhase section */
		A55ECE3022412F7000451513 /* Sources */ = {
			isa = PBXSourcesBuildPhase;
			buildActionMask = 2147483647;
			files = (
				A55ECE3C22412F7000451513 /* ViewController.m in Sources */,
				A517B54722422DE90026335B /* ZYPageBrocastCollectionView.m in Sources */,
				A55ECE4722412F7200451513 /* main.m in Sources */,
				A517B54622422DE90026335B /* ZYPageBroadcastView.m in Sources */,
				A55ECE3922412F7000451513 /* AppDelegate.m in Sources */,
				A517B54522422DE90026335B /* ZYPageBroadcastCell.m in Sources */,
			);
			runOnlyForDeploymentPostprocessing = 0;
		};
/* End PBXSourcesBuildPhase section */

/* Begin PBXVariantGroup section */
		A55ECE3D22412F7100451513 /* Main.storyboard */ = {
			isa = PBXVariantGroup;
			children = (
				A55ECE3E22412F7100451513 /* Base */,
			);
			name = Main.storyboard;
			sourceTree = "<group>";
		};
		A55ECE4222412F7200451513 /* LaunchScreen.storyboard */ = {
			isa = PBXVariantGroup;
			children = (
				A55ECE4322412F7200451513 /* Base */,
			);
			name = LaunchScreen.storyboard;
			sourceTree = "<group>";
		};
/* End PBXVariantGroup section */

/* Begin XCBuildConfiguration section */
		A55ECE4822412F7200451513 /* Debug */ = {
			isa = XCBuildConfiguration;
			buildSettings = {
				ALWAYS_SEARCH_USER_PATHS = NO;
				CLANG_ANALYZER_NONNULL = YES;
				CLANG_ANALYZER_NUMBER_OBJECT_CONVERSION = YES_AGGRESSIVE;
				CLANG_CXX_LANGUAGE_STANDARD = "gnu++14";
				CLANG_CXX_LIBRARY = "libc++";
				CLANG_ENABLE_MODULES = YES;
				CLANG_ENABLE_OBJC_ARC = YES;
				CLANG_ENABLE_OBJC_WEAK = YES;
				CLANG_WARN_BLOCK_CAPTURE_AUTORELEASING = YES;
				CLANG_WARN_BOOL_CONVERSION = YES;
				CLANG_WARN_COMMA = YES;
				CLANG_WARN_CONSTANT_CONVERSION = YES;
				CLANG_WARN_DEPRECATED_OBJC_IMPLEMENTATIONS = YES;
				CLANG_WARN_DIRECT_OBJC_ISA_USAGE = YES_ERROR;
				CLANG_WARN_DOCUMENTATION_COMMENTS = YES;
				CLANG_WARN_EMPTY_BODY = YES;
				CLANG_WARN_ENUM_CONVERSION = YES;
				CLANG_WARN_INFINITE_RECURSION = YES;
				CLANG_WARN_INT_CONVERSION = YES;
				CLANG_WARN_NON_LITERAL_NULL_CONVERSION = YES;
				CLANG_WARN_OBJC_IMPLICIT_RETAIN_SELF = YES;
				CLANG_WARN_OBJC_LITERAL_CONVERSION = YES;
				CLANG_WARN_OBJC_ROOT_CLASS = YES_ERROR;
				CLANG_WARN_RANGE_LOOP_ANALYSIS = YES;
				CLANG_WARN_STRICT_PROTOTYPES = YES;
				CLANG_WARN_SUSPICIOUS_MOVE = YES;
				CLANG_WARN_UNGUARDED_AVAILABILITY = YES_AGGRESSIVE;
				CLANG_WARN_UNREACHABLE_CODE = YES;
				CLANG_WARN__DUPLICATE_METHOD_MATCH = YES;
				CODE_SIGN_IDENTITY = "iPhone Developer";
				COPY_PHASE_STRIP = NO;
				DEBUG_INFORMATION_FORMAT = dwarf;
				ENABLE_STRICT_OBJC_MSGSEND = YES;
				ENABLE_TESTABILITY = YES;
				GCC_C_LANGUAGE_STANDARD = gnu11;
				GCC_DYNAMIC_NO_PIC = NO;
				GCC_NO_COMMON_BLOCKS = YES;
				GCC_OPTIMIZATION_LEVEL = 0;
				GCC_PREPROCESSOR_DEFINITIONS = (
					"DEBUG=1",
					"$(inherited)",
				);
				GCC_WARN_64_TO_32_BIT_CONVERSION = YES;
				GCC_WARN_ABOUT_RETURN_TYPE = YES_ERROR;
				GCC_WARN_UNDECLARED_SELECTOR = YES;
				GCC_WARN_UNINITIALIZED_AUTOS = YES_AGGRESSIVE;
				GCC_WARN_UNUSED_FUNCTION = YES;
				GCC_WARN_UNUSED_VARIABLE = YES;
				IPHONEOS_DEPLOYMENT_TARGET = 12.1;
				MTL_ENABLE_DEBUG_INFO = INCLUDE_SOURCE;
				MTL_FAST_MATH = YES;
				ONLY_ACTIVE_ARCH = YES;
				SDKROOT = iphoneos;
			};
			name = Debug;
		};
		A55ECE4922412F7200451513 /* Release */ = {
			isa = XCBuildConfiguration;
			buildSettings = {
				ALWAYS_SEARCH_USER_PATHS = NO;
				CLANG_ANALYZER_NONNULL = YES;
				CLANG_ANALYZER_NUMBER_OBJECT_CONVERSION = YES_AGGRESSIVE;
				CLANG_CXX_LANGUAGE_STANDARD = "gnu++14";
				CLANG_CXX_LIBRARY = "libc++";
				CLANG_ENABLE_MODULES = YES;
				CLANG_ENABLE_OBJC_ARC = YES;
				CLANG_ENABLE_OBJC_WEAK = YES;
				CLANG_WARN_BLOCK_CAPTURE_AUTORELEASING = YES;
				CLANG_WARN_BOOL_CONVERSION = YES;
				CLANG_WARN_COMMA = YES;
				CLANG_WARN_CONSTANT_CONVERSION = YES;
				CLANG_WARN_DEPRECATED_OBJC_IMPLEMENTATIONS = YES;
				CLANG_WARN_DIRECT_OBJC_ISA_USAGE = YES_ERROR;
				CLANG_WARN_DOCUMENTATION_COMMENTS = YES;
				CLANG_WARN_EMPTY_BODY = YES;
				CLANG_WARN_ENUM_CONVERSION = YES;
				CLANG_WARN_INFINITE_RECURSION = YES;
				CLANG_WARN_INT_CONVERSION = YES;
				CLANG_WARN_NON_LITERAL_NULL_CONVERSION = YES;
				CLANG_WARN_OBJC_IMPLICIT_RETAIN_SELF = YES;
				CLANG_WARN_OBJC_LITERAL_CONVERSION = YES;
				CLANG_WARN_OBJC_ROOT_CLASS = YES_ERROR;
				CLANG_WARN_RANGE_LOOP_ANALYSIS = YES;
				CLANG_WARN_STRICT_PROTOTYPES = YES;
				CLANG_WARN_SUSPICIOUS_MOVE = YES;
				CLANG_WARN_UNGUARDED_AVAILABILITY = YES_AGGRESSIVE;
				CLANG_WARN_UNREACHABLE_CODE = YES;
				CLANG_WARN__DUPLICATE_METHOD_MATCH = YES;
				CODE_SIGN_IDENTITY = "iPhone Developer";
				COPY_PHASE_STRIP = NO;
				DEBUG_INFORMATION_FORMAT = "dwarf-with-dsym";
				ENABLE_NS_ASSERTIONS = NO;
				ENABLE_STRICT_OBJC_MSGSEND = YES;
				GCC_C_LANGUAGE_STANDARD = gnu11;
				GCC_NO_COMMON_BLOCKS = YES;
				GCC_WARN_64_TO_32_BIT_CONVERSION = YES;
				GCC_WARN_ABOUT_RETURN_TYPE = YES_ERROR;
				GCC_WARN_UNDECLARED_SELECTOR = YES;
				GCC_WARN_UNINITIALIZED_AUTOS = YES_AGGRESSIVE;
				GCC_WARN_UNUSED_FUNCTION = YES;
				GCC_WARN_UNUSED_VARIABLE = YES;
				IPHONEOS_DEPLOYMENT_TARGET = 12.1;
				MTL_ENABLE_DEBUG_INFO = NO;
				MTL_FAST_MATH = YES;
				SDKROOT = iphoneos;
				VALIDATE_PRODUCT = YES;
			};
			name = Release;
		};
		A55ECE4B22412F7200451513 /* Debug */ = {
			isa = XCBuildConfiguration;
			buildSettings = {
				ASSETCATALOG_COMPILER_APPICON_NAME = AppIcon;
				CODE_SIGN_STYLE = Automatic;
				DEVELOPMENT_TEAM = DFARS7X79T;
				INFOPLIST_FILE = PageBroadcast/Info.plist;
				LD_RUNPATH_SEARCH_PATHS = (
					"$(inherited)",
					"@executable_path/Frameworks",
				);
				PRODUCT_BUNDLE_IDENTIFIER = "---.PageBroadcast";
				PRODUCT_NAME = "$(TARGET_NAME)";
				TARGETED_DEVICE_FAMILY = "1,2";
			};
			name = Debug;
		};
		A55ECE4C22412F7200451513 /* Release */ = {
			isa = XCBuildConfiguration;
			buildSettings = {
				ASSETCATALOG_COMPILER_APPICON_NAME = AppIcon;
				CODE_SIGN_STYLE = Automatic;
				DEVELOPMENT_TEAM = DFARS7X79T;
				INFOPLIST_FILE = PageBroadcast/Info.plist;
				LD_RUNPATH_SEARCH_PATHS = (
					"$(inherited)",
					"@executable_path/Frameworks",
				);
				PRODUCT_BUNDLE_IDENTIFIER = "---.PageBroadcast";
				PRODUCT_NAME = "$(TARGET_NAME)";
				TARGETED_DEVICE_FAMILY = "1,2";
			};
			name = Release;
		};
/* End XCBuildConfiguration section */

/* Begin XCConfigurationList section */
		A55ECE2F22412F7000451513 /* Build configuration list for PBXProject "PageBroadcast" */ = {
			isa = XCConfigurationList;
			buildConfigurations = (
				A55ECE4822412F7200451513 /* Debug */,
				A55ECE4922412F7200451513 /* Release */,
			);
			defaultConfigurationIsVisible = 0;
			defaultConfigurationName = Release;
		};
		A55ECE4A22412F7200451513 /* Build configuration list for PBXNativeTarget "PageBroadcast" */ = {
			isa = XCConfigurationList;
			buildConfigurations = (
				A55ECE4B22412F7200451513 /* Debug */,
				A55ECE4C22412F7200451513 /* Release */,
			);
			defaultConfigurationIsVisible = 0;
			defaultConfigurationName = Release;
		};
/* End XCConfigurationList section */
	};
	rootObject = A55ECE2C22412F7000451513 /* Project object */;
}
